
Microsoft Visual Studio Solution File, Format Version 12.00
# Visual Studio Version 16
VisualStudioVersion = 16.0.30517.126
MinimumVisualStudioVersion = 10.0.40219.1
Project("{FAE04EC0-301F-11D3-BF4B-00C04F79EFBC}") = "Baitap27", "Baitap27\Baitap27.csproj", "{CDDC0FA8-94FE-4DCD-87F2-A6384C55C449}"
EndProject
Global
	GlobalSection(SolutionConfigurationPlatforms) = preSolution
		Debug|Any CPU = Debug|Any CPU
		Release|Any CPU = Release|Any CPU
	EndGlobalSection
	GlobalSection(ProjectConfigurationPlatforms) = postSolution
		{CDDC0FA8-94FE-4DCD-87F2-A6384C55C449}.Debug|Any CPU.ActiveCfg = Debug|Any CPU
		{CDDC0FA8-94FE-4DCD-87F2-A6384C55C449}.Debug|Any CPU.Build.0 = Debug|Any CPU
		{CDDC0FA8-94FE-4DCD-87F2-A6384C55C449}.Release|Any CPU.ActiveCfg = Release|Any CPU
		{CDDC0FA8-94FE-4DCD-87F2-A6384C55C449}.Release|Any CPU.Build.0 = Release|Any CPU
	EndGlobalSection
	GlobalSection(SolutionProperties) = preSolution
		HideSolutionNode = FALSE
	EndGlobalSection
	GlobalSection(ExtensibilityGlobals) = postSolution
		SolutionGuid = {0A9725D4-5F46-4682-8A75-B28542A6E6C4}
	EndGlobalSection
EndGlobal
