
Microsoft Visual Studio Solution File, Format Version 12.00
# Visual Studio Version 16
VisualStudioVersion = 16.0.30413.136
MinimumVisualStudioVersion = 10.0.40219.1
Project("{FAE04EC0-301F-11D3-BF4B-00C04F79EFBC}") = "AppThuHai", "AppThuHai\AppThuHai.csproj", "{D4DD6767-5709-48EB-941F-6DB479C476C0}"
EndProject
Global
	GlobalSection(SolutionConfigurationPlatforms) = preSolution
		Debug|Any CPU = Debug|Any CPU
		Release|Any CPU = Release|Any CPU
	EndGlobalSection
	GlobalSection(ProjectConfigurationPlatforms) = postSolution
		{D4DD6767-5709-48EB-941F-6DB479C476C0}.Debug|Any CPU.ActiveCfg = Debug|Any CPU
		{D4DD6767-5709-48EB-941F-6DB479C476C0}.Debug|Any CPU.Build.0 = Debug|Any CPU
		{D4DD6767-5709-48EB-941F-6DB479C476C0}.Release|Any CPU.ActiveCfg = Release|Any CPU
		{D4DD6767-5709-48EB-941F-6DB479C476C0}.Release|Any CPU.Build.0 = Release|Any CPU
	EndGlobalSection
	GlobalSection(SolutionProperties) = preSolution
		HideSolutionNode = FALSE
	EndGlobalSection
	GlobalSection(ExtensibilityGlobals) = postSolution
		SolutionGuid = {BA3B3977-210C-4E38-B0C6-E6CD5E13606C}
	EndGlobalSection
EndGlobal
