
Microsoft Visual Studio Solution File, Format Version 12.00
# Visual Studio Version 16
VisualStudioVersion = 16.0.30907.101
MinimumVisualStudioVersion = 10.0.40219.1
Project("{FAE04EC0-301F-11D3-BF4B-00C04F79EFBC}") = "RESTAPI2", "RESTAPI2\RESTAPI2.csproj", "{9E63E29C-457D-4AF0-B689-12B5441D8039}"
EndProject
Project("{FAE04EC0-301F-11D3-BF4B-00C04F79EFBC}") = "restMVC", "restMVC\restMVC.csproj", "{FE8FE6E5-A53F-4C33-AC0C-538BF002A579}"
EndProject
Global
	GlobalSection(SolutionConfigurationPlatforms) = preSolution
		Debug|Any CPU = Debug|Any CPU
		Release|Any CPU = Release|Any CPU
	EndGlobalSection
	GlobalSection(ProjectConfigurationPlatforms) = postSolution
		{9E63E29C-457D-4AF0-B689-12B5441D8039}.Debug|Any CPU.ActiveCfg = Debug|Any CPU
		{9E63E29C-457D-4AF0-B689-12B5441D8039}.Debug|Any CPU.Build.0 = Debug|Any CPU
		{9E63E29C-457D-4AF0-B689-12B5441D8039}.Release|Any CPU.ActiveCfg = Release|Any CPU
		{9E63E29C-457D-4AF0-B689-12B5441D8039}.Release|Any CPU.Build.0 = Release|Any CPU
		{FE8FE6E5-A53F-4C33-AC0C-538BF002A579}.Debug|Any CPU.ActiveCfg = Debug|Any CPU
		{FE8FE6E5-A53F-4C33-AC0C-538BF002A579}.Debug|Any CPU.Build.0 = Debug|Any CPU
		{FE8FE6E5-A53F-4C33-AC0C-538BF002A579}.Release|Any CPU.ActiveCfg = Release|Any CPU
		{FE8FE6E5-A53F-4C33-AC0C-538BF002A579}.Release|Any CPU.Build.0 = Release|Any CPU
	EndGlobalSection
	GlobalSection(SolutionProperties) = preSolution
		HideSolutionNode = FALSE
	EndGlobalSection
	GlobalSection(ExtensibilityGlobals) = postSolution
		SolutionGuid = {7EA1DF36-2CD9-4364-9987-897DAEFCC99A}
	EndGlobalSection
EndGlobal
