
Microsoft Visual Studio Solution File, Format Version 12.00
# Visual Studio Version 16
VisualStudioVersion = 16.0.30611.23
MinimumVisualStudioVersion = 10.0.40219.1
Project("{FAE04EC0-301F-11D3-BF4B-00C04F79EFBC}") = "BaiKiemTraThu", "BaiKiemTraThu\BaiKiemTraThu.csproj", "{A56CC403-6593-49DD-9389-9E3D20449D5A}"
EndProject
Global
	GlobalSection(SolutionConfigurationPlatforms) = preSolution
		Debug|Any CPU = Debug|Any CPU
		Release|Any CPU = Release|Any CPU
	EndGlobalSection
	GlobalSection(ProjectConfigurationPlatforms) = postSolution
		{A56CC403-6593-49DD-9389-9E3D20449D5A}.Debug|Any CPU.ActiveCfg = Debug|Any CPU
		{A56CC403-6593-49DD-9389-9E3D20449D5A}.Debug|Any CPU.Build.0 = Debug|Any CPU
		{A56CC403-6593-49DD-9389-9E3D20449D5A}.Release|Any CPU.ActiveCfg = Release|Any CPU
		{A56CC403-6593-49DD-9389-9E3D20449D5A}.Release|Any CPU.Build.0 = Release|Any CPU
	EndGlobalSection
	GlobalSection(SolutionProperties) = preSolution
		HideSolutionNode = FALSE
	EndGlobalSection
	GlobalSection(ExtensibilityGlobals) = postSolution
		SolutionGuid = {534CC4C6-890A-4EB9-8B76-39DFB59C7E29}
	EndGlobalSection
EndGlobal
