
Microsoft Visual Studio Solution File, Format Version 12.00
# Visual Studio Version 16
VisualStudioVersion = 16.0.30413.136
MinimumVisualStudioVersion = 10.0.40219.1
Project("{FAE04EC0-301F-11D3-BF4B-00C04F79EFBC}") = "BaiTap2", "BaiTap2\BaiTap2.csproj", "{0546FAA7-6173-401B-8525-2DB60C92CACA}"
EndProject
Global
	GlobalSection(SolutionConfigurationPlatforms) = preSolution
		Debug|Any CPU = Debug|Any CPU
		Release|Any CPU = Release|Any CPU
	EndGlobalSection
	GlobalSection(ProjectConfigurationPlatforms) = postSolution
		{0546FAA7-6173-401B-8525-2DB60C92CACA}.Debug|Any CPU.ActiveCfg = Debug|Any CPU
		{0546FAA7-6173-401B-8525-2DB60C92CACA}.Debug|Any CPU.Build.0 = Debug|Any CPU
		{0546FAA7-6173-401B-8525-2DB60C92CACA}.Release|Any CPU.ActiveCfg = Release|Any CPU
		{0546FAA7-6173-401B-8525-2DB60C92CACA}.Release|Any CPU.Build.0 = Release|Any CPU
	EndGlobalSection
	GlobalSection(SolutionProperties) = preSolution
		HideSolutionNode = FALSE
	EndGlobalSection
	GlobalSection(ExtensibilityGlobals) = postSolution
		SolutionGuid = {47B5A0AE-FDE1-46B8-A3DD-3951770239EF}
	EndGlobalSection
EndGlobal
