
Microsoft Visual Studio Solution File, Format Version 12.00
# Visual Studio Version 16
VisualStudioVersion = 16.0.30413.136
MinimumVisualStudioVersion = 10.0.40219.1
Project("{FAE04EC0-301F-11D3-BF4B-00C04F79EFBC}") = "BaiTap09", "BaiTap09\BaiTap09.csproj", "{9E85D803-2857-4738-8C03-97412B2735F9}"
EndProject
Global
	GlobalSection(SolutionConfigurationPlatforms) = preSolution
		Debug|Any CPU = Debug|Any CPU
		Release|Any CPU = Release|Any CPU
	EndGlobalSection
	GlobalSection(ProjectConfigurationPlatforms) = postSolution
		{9E85D803-2857-4738-8C03-97412B2735F9}.Debug|Any CPU.ActiveCfg = Debug|Any CPU
		{9E85D803-2857-4738-8C03-97412B2735F9}.Debug|Any CPU.Build.0 = Debug|Any CPU
		{9E85D803-2857-4738-8C03-97412B2735F9}.Release|Any CPU.ActiveCfg = Release|Any CPU
		{9E85D803-2857-4738-8C03-97412B2735F9}.Release|Any CPU.Build.0 = Release|Any CPU
	EndGlobalSection
	GlobalSection(SolutionProperties) = preSolution
		HideSolutionNode = FALSE
	EndGlobalSection
	GlobalSection(ExtensibilityGlobals) = postSolution
		SolutionGuid = {16D7DD0A-65D2-471B-B2D2-EE037C449642}
	EndGlobalSection
EndGlobal
