
Microsoft Visual Studio Solution File, Format Version 12.00
# Visual Studio Version 16
VisualStudioVersion = 16.0.30907.101
MinimumVisualStudioVersion = 10.0.40219.1
Project("{FAE04EC0-301F-11D3-BF4B-00C04F79EFBC}") = "QuanLyKho", "QuanLyKho\QuanLyKho.csproj", "{675B2797-EFFE-400E-A5D3-202F82B9DADC}"
EndProject
Global
	GlobalSection(SolutionConfigurationPlatforms) = preSolution
		Debug|Any CPU = Debug|Any CPU
		Release|Any CPU = Release|Any CPU
	EndGlobalSection
	GlobalSection(ProjectConfigurationPlatforms) = postSolution
		{675B2797-EFFE-400E-A5D3-202F82B9DADC}.Debug|Any CPU.ActiveCfg = Debug|Any CPU
		{675B2797-EFFE-400E-A5D3-202F82B9DADC}.Debug|Any CPU.Build.0 = Debug|Any CPU
		{675B2797-EFFE-400E-A5D3-202F82B9DADC}.Release|Any CPU.ActiveCfg = Release|Any CPU
		{675B2797-EFFE-400E-A5D3-202F82B9DADC}.Release|Any CPU.Build.0 = Release|Any CPU
	EndGlobalSection
	GlobalSection(SolutionProperties) = preSolution
		HideSolutionNode = FALSE
	EndGlobalSection
	GlobalSection(ExtensibilityGlobals) = postSolution
		SolutionGuid = {77496F48-9436-4B15-9ECE-AD699D07F3DC}
	EndGlobalSection
EndGlobal
